{
    "hash": "c7f1848e87d653fe888e4306eb45a38e",
    "packages": [
        {
            "package": "guzzle/guzzle",
            "version": "v2.5.0"
        },
        {
            "package": "symfony/browser-kit",
            "version": "dev-master",
            "source-reference": "2cebdd6803abf9c7240bb2a7a5c3aa8f45a9ef9f"
        },
        {
            "package": "symfony/browser-kit",
            "version": "dev-master",
            "source-reference": "2cebdd6803abf9c7240bb2a7a5c3aa8f45a9ef9f",
            "alias-pretty-version": "2.1.x-dev",
            "alias-version": "2.1.9999999.9999999-dev"
        },
        {
            "package": "symfony/css-selector",
            "version": "dev-master",
            "source-reference": "0f355f52c811e23e08382df30829aa8bceeda439",
            "alias-pretty-version": "2.1.x-dev",
            "alias-version": "2.1.9999999.9999999-dev"
        },
        {
            "package": "symfony/css-selector",
            "version": "dev-master",
            "source-reference": "0f355f52c811e23e08382df30829aa8bceeda439"
        },
        {
            "package": "symfony/dom-crawler",
            "version": "dev-master",
            "source-reference": "49d80fac919321c1e255757fe47b97910f667271",
            "alias-pretty-version": "2.1.x-dev",
            "alias-version": "2.1.9999999.9999999-dev"
        },
        {
            "package": "symfony/dom-crawler",
            "version": "dev-master",
            "source-reference": "49d80fac919321c1e255757fe47b97910f667271"
        },
        {
            "package": "symfony/event-dispatcher",
            "version": "dev-master",
            "source-reference": "0b58a4019befc0bd038bc0ec0165101d5dd31754",
            "alias-pretty-version": "2.1.x-dev",
            "alias-version": "2.1.9999999.9999999-dev"
        },
        {
            "package": "symfony/event-dispatcher",
            "version": "dev-master",
            "source-reference": "0b58a4019befc0bd038bc0ec0165101d5dd31754"
        },
        {
            "package": "symfony/finder",
            "version": "dev-master",
            "source-reference": "3c9379f3726401a1faf274204bd0ef3f5b24258a",
            "alias-pretty-version": "2.1.x-dev",
            "alias-version": "2.1.9999999.9999999-dev"
        },
        {
            "package": "symfony/finder",
            "version": "dev-master",
            "source-reference": "3c9379f3726401a1faf274204bd0ef3f5b24258a"
        },
        {
            "package": "symfony/process",
            "version": "dev-master",
            "source-reference": "106f2db51cecf2fe5ee59e428b8f4a918c4034fa"
        },
        {
            "package": "symfony/process",
            "version": "dev-master",
            "source-reference": "106f2db51cecf2fe5ee59e428b8f4a918c4034fa",
            "alias-pretty-version": "2.1.x-dev",
            "alias-version": "2.1.9999999.9999999-dev"
        }
    ],
    "packages-dev": null,
    "aliases": [

    ],
    "minimum-stability": "dev",
    "stability-flags": [

    ]
}
